
Microsoft Visual Studio Solution File, Format Version 12.00
# Visual Studio Version 17
VisualStudioVersion = 17.5.002.0
MinimumVisualStudioVersion = 10.0.40219.1
Project("{9A19103F-16F7-4668-BE54-9A1E7A4F7556}") = "TOMS", "TOMS.csproj", "{9B398FCE-EA0C-4918-B611-22D7EE8C1D6A}"
EndProject
Global
	GlobalSection(SolutionConfigurationPlatforms) = preSolution
		Debug|Any CPU = Debug|Any CPU
		Release|Any CPU = Release|Any CPU
	EndGlobalSection
	GlobalSection(ProjectConfigurationPlatforms) = postSolution
		{9B398FCE-EA0C-4918-B611-22D7EE8C1D6A}.Debug|Any CPU.ActiveCfg = Debug|Any CPU
		{9B398FCE-EA0C-4918-B611-22D7EE8C1D6A}.Debug|Any CPU.Build.0 = Debug|Any CPU
		{9B398FCE-EA0C-4918-B611-22D7EE8C1D6A}.Release|Any CPU.ActiveCfg = Release|Any CPU
		{9B398FCE-EA0C-4918-B611-22D7EE8C1D6A}.Release|Any CPU.Build.0 = Release|Any CPU
	EndGlobalSection
	GlobalSection(SolutionProperties) = preSolution
		HideSolutionNode = FALSE
	EndGlobalSection
	GlobalSection(ExtensibilityGlobals) = postSolution
		SolutionGuid = {DEFD8404-3261-4356-A8EB-56EC6C24EBB8}
	EndGlobalSection
EndGlobal
